
Microsoft Visual Studio Solution File, Format Version 12.00
# Visual Studio Version 16
VisualStudioVersion = 16.0.30804.86
MinimumVisualStudioVersion = 10.0.40219.1
Project("{FAE04EC0-301F-11D3-BF4B-00C04F79EFBC}") = "SuperMercado", "SuperMercado\SuperMercado.csproj", "{32416A73-3F9D-4AB7-B5E4-0C0D916D8B18}"
EndProject
Global
	GlobalSection(SolutionConfigurationPlatforms) = preSolution
		Debug|Any CPU = Debug|Any CPU
		Release|Any CPU = Release|Any CPU
	EndGlobalSection
	GlobalSection(ProjectConfigurationPlatforms) = postSolution
		{32416A73-3F9D-4AB7-B5E4-0C0D916D8B18}.Debug|Any CPU.ActiveCfg = Debug|Any CPU
		{32416A73-3F9D-4AB7-B5E4-0C0D916D8B18}.Debug|Any CPU.Build.0 = Debug|Any CPU
		{32416A73-3F9D-4AB7-B5E4-0C0D916D8B18}.Release|Any CPU.ActiveCfg = Release|Any CPU
		{32416A73-3F9D-4AB7-B5E4-0C0D916D8B18}.Release|Any CPU.Build.0 = Release|Any CPU
	EndGlobalSection
	GlobalSection(SolutionProperties) = preSolution
		HideSolutionNode = FALSE
	EndGlobalSection
	GlobalSection(ExtensibilityGlobals) = postSolution
		SolutionGuid = {F9434100-0741-44D2-9940-69507630FE2F}
	EndGlobalSection
EndGlobal
